
Microsoft Visual Studio Solution File, Format Version 12.00
# Visual Studio 14
VisualStudioVersion = 14.0.25420.1
MinimumVisualStudioVersion = 10.0.40219.1
Project("{FAE04EC0-301F-11D3-BF4B-00C04F79EFBC}") = "Social.Web", "Social.Web\Social.Web.csproj", "{69974E38-0452-4C9B-BAAB-2B71437AE31F}"
EndProject
Project("{FAE04EC0-301F-11D3-BF4B-00C04F79EFBC}") = "Social.Console", "Social.Console\Social.Console.csproj", "{BB4F9B1E-EC86-44AF-9A67-5EBC49159752}"
EndProject
Global
	GlobalSection(SolutionConfigurationPlatforms) = preSolution
		Debug|Any CPU = Debug|Any CPU
		Release|Any CPU = Release|Any CPU
	EndGlobalSection
	GlobalSection(ProjectConfigurationPlatforms) = postSolution
		{69974E38-0452-4C9B-BAAB-2B71437AE31F}.Debug|Any CPU.ActiveCfg = Debug|Any CPU
		{69974E38-0452-4C9B-BAAB-2B71437AE31F}.Debug|Any CPU.Build.0 = Debug|Any CPU
		{69974E38-0452-4C9B-BAAB-2B71437AE31F}.Release|Any CPU.ActiveCfg = Release|Any CPU
		{69974E38-0452-4C9B-BAAB-2B71437AE31F}.Release|Any CPU.Build.0 = Release|Any CPU
		{BB4F9B1E-EC86-44AF-9A67-5EBC49159752}.Debug|Any CPU.ActiveCfg = Debug|Any CPU
		{BB4F9B1E-EC86-44AF-9A67-5EBC49159752}.Debug|Any CPU.Build.0 = Debug|Any CPU
		{BB4F9B1E-EC86-44AF-9A67-5EBC49159752}.Release|Any CPU.ActiveCfg = Release|Any CPU
		{BB4F9B1E-EC86-44AF-9A67-5EBC49159752}.Release|Any CPU.Build.0 = Release|Any CPU
	EndGlobalSection
	GlobalSection(SolutionProperties) = preSolution
		HideSolutionNode = FALSE
	EndGlobalSection
EndGlobal
